
Microsoft Visual Studio Solution File, Format Version 12.00
# Visual Studio Version 16
VisualStudioVersion = 16.0.31702.278
MinimumVisualStudioVersion = 10.0.40219.1
Project("{8BC9CEB8-8B4A-11D0-8D11-00A0C91BC942}") = "Data Structures", "Data Structures\Data Structures.vcxproj", "{4B7B6AC1-E853-4F1F-98E9-32AB23B03323}"
EndProject
Global
	GlobalSection(SolutionConfigurationPlatforms) = preSolution
		Debug|x64 = Debug|x64
		Debug|x86 = Debug|x86
		Release|x64 = Release|x64
		Release|x86 = Release|x86
	EndGlobalSection
	GlobalSection(ProjectConfigurationPlatforms) = postSolution
		{4B7B6AC1-E853-4F1F-98E9-32AB23B03323}.Debug|x64.ActiveCfg = Debug|x64
		{4B7B6AC1-E853-4F1F-98E9-32AB23B03323}.Debug|x64.Build.0 = Debug|x64
		{4B7B6AC1-E853-4F1F-98E9-32AB23B03323}.Debug|x86.ActiveCfg = Debug|Win32
		{4B7B6AC1-E853-4F1F-98E9-32AB23B03323}.Debug|x86.Build.0 = Debug|Win32
		{4B7B6AC1-E853-4F1F-98E9-32AB23B03323}.Release|x64.ActiveCfg = Release|x64
		{4B7B6AC1-E853-4F1F-98E9-32AB23B03323}.Release|x64.Build.0 = Release|x64
		{4B7B6AC1-E853-4F1F-98E9-32AB23B03323}.Release|x86.ActiveCfg = Release|Win32
		{4B7B6AC1-E853-4F1F-98E9-32AB23B03323}.Release|x86.Build.0 = Release|Win32
	EndGlobalSection
	GlobalSection(SolutionProperties) = preSolution
		HideSolutionNode = FALSE
	EndGlobalSection
	GlobalSection(ExtensibilityGlobals) = postSolution
		SolutionGuid = {12806F4F-4960-4856-A6F4-8D92D997B10A}
	EndGlobalSection
EndGlobal
